Microsoft Visual Studio Solution File, Format Version 12.00
# Visual Studio Version 17
VisualStudioVersion = 17.13.35806.99
MinimumVisualStudioVersion = 10.0.40219.1
Project("{FAE04EC0-301F-11D3-BF4B-00C04F79EFBC}") = "Part1update_cloud", "Part1update_cloud\Part1update_cloud.csproj", "{D87AA88E-22FC-4ED0-9FD0-B77A26237315}"
EndProject
Global
	GlobalSection(SolutionConfigurationPlatforms) = preSolution
		Debug|Any CPU = Debug|Any CPU
		Release|Any CPU = Release|Any CPU
	EndGlobalSection
	GlobalSection(ProjectConfigurationPlatforms) = postSolution
		{D87AA88E-22FC-4ED0-9FD0-B77A26237315}.Debug|Any CPU.ActiveCfg = Debug|Any CPU
		{D87AA88E-22FC-4ED0-9FD0-B77A26237315}.Debug|Any CPU.Build.0 = Debug|Any CPU
		{D87AA88E-22FC-4ED0-9FD0-B77A26237315}.Release|Any CPU.ActiveCfg = Release|Any CPU
		{D87AA88E-22FC-4ED0-9FD0-B77A26237315}.Release|Any CPU.Build.0 = Release|Any CPU
	EndGlobalSection
	GlobalSection(SolutionProperties) = preSolution
		HideSolutionNode = FALSE
	EndGlobalSection
	GlobalSection(ExtensibilityGlobals) = postSolution
		SolutionGuid = {68A3324B-706D-454B-806D-D8B5E2ED89FB}
	EndGlobalSection
EndGlobal
